# This file was autogenerated by Stack.
# You should not edit this file by hand.
# For more information, please see the documentation at:
#   https://docs.haskellstack.org/en/stable/lock_files

packages:
- completed:
    hackage: haxl-2.1.2.0@sha256:1cee655c380dd0373932c666808edc9a9a2d4d8c4e03caeb4da49fbd135b24d9,4040
    pantry-tree:
      size: 2888
      sha256: 90522851e0cd5bb9cb78e83adc4ee9fba86879c91ccdc514bedcc6ddfc140889
  original:
    hackage: haxl-2.1.2.0
snapshots:
- completed:
    size: 524786
    url: https://raw.githubusercontent.com/commercialhaskell/stackage-snapshots/master/lts/14/11.yaml
    sha256: 088bb91b545839510a41ae92fa5feb36779ef3529571a42bd12b9f51eb89ded3
  original: lts-14.11
